# This file is generated by running "yarn install" inside your project.
# Manual changes might be lost - proceed with caution!

__metadata:
  version: 8
  cacheKey: 10c0

"@types/node@npm:^6.0.96":
  version: 6.14.13
  resolution: "@types/node@npm:6.14.13"
  checksum: 10c0/e1e06d8bd429c6e4ea6a34f87a690c4a7b86be07f09da05524a3b6df6a5d163e442d82d97c67b199a8005c52d6c14c05380d4592a55df7d787a6e51a19a0439e
  languageName: node
  linkType: hard

"ccxt@npm:^4.5.3":
  version: 4.5.3
  resolution: "ccxt@npm:4.5.3"
  dependencies:
    ws: "npm:^8.8.1"
  checksum: 10c0/d159cc5cf4cbeea0b885423c1f4c429e11b9d7e1b7cf083d22ef647e7758a081bfcd0befcef5c44e3b70b89c049e14e4c017b8bce5c5d3a9b0f104781fc957ad
  languageName: node
  linkType: hard

"crypto-autotrader@workspace:.":
  version: 0.0.0-use.local
  resolution: "crypto-autotrader@workspace:."
  dependencies:
    ccxt: "npm:^4.5.3"
    dotenv: "npm:^17.2.2"
    technicalindicators: "npm:^3.1.0"
    ws: "npm:^8.18.3"
  languageName: unknown
  linkType: soft

"dotenv@npm:^17.2.2":
  version: 17.2.2
  resolution: "dotenv@npm:17.2.2"
  checksum: 10c0/be66513504590aff6eccb14167625aed9bd42ce80547f4fe5d195860211971a7060949b57108dfaeaf90658f79e40edccd3f233f0a978bff507b5b1565ae162b
  languageName: node
  linkType: hard

"technicalindicators@npm:^3.1.0":
  version: 3.1.0
  resolution: "technicalindicators@npm:3.1.0"
  dependencies:
    "@types/node": "npm:^6.0.96"
  checksum: 10c0/7119fde24b852a6c00301e2e2245ec02a8ab66932dff8bc0f5c1403406c0285f3b8567fd1ab1bbeacf795602a677f1be2b281da9e5ed4678ceaee56cae479fd5
  languageName: node
  linkType: hard

"ws@npm:^8.18.3, ws@npm:^8.8.1":
  version: 8.18.3
  resolution: "ws@npm:8.18.3"
  peerDependencies:
    bufferutil: ^4.0.1
    utf-8-validate: ">=5.0.2"
  peerDependenciesMeta:
    bufferutil:
      optional: true
    utf-8-validate:
      optional: true
  checksum: 10c0/eac918213de265ef7cb3d4ca348b891a51a520d839aa51cdb8ca93d4fa7ff9f6ccb339ccee89e4075324097f0a55157c89fa3f7147bde9d8d7e90335dc087b53
  languageName: node
  linkType: hard
